// !$*UTF8*$!
{
	archiveVersion = 1;
	classes = {
	};
	objectVersion = 55;
	objects = {

/* Begin PBXBuildFile section */
		8F1624F52890DD73006E82B2 /* AppDelegate.swift in Sources */ = {isa = PBXBuildFile; fileRef = 8F1624F42890DD73006E82B2 /* AppDelegate.swift */; };
		8F1624F72890DD73006E82B2 /* SceneDelegate.swift in Sources */ = {isa = PBXBuildFile; fileRef = 8F1624F62890DD73006E82B2 /* SceneDelegate.swift */; };
		8F1624F92890DD73006E82B2 /* ViewController.swift in Sources */ = {isa = PBXBuildFile; fileRef = 8F1624F82890DD73006E82B2 /* ViewController.swift */; };
		8F1624FC2890DD73006E82B2 /* Main.storyboard in Resources */ = {isa = PBXBuildFile; fileRef = 8F1624FA2890DD73006E82B2 /* Main.storyboard */; };
		8F1624FE2890DD74006E82B2 /* Assets.xcassets in Resources */ = {isa = PBXBuildFile; fileRef = 8F1624FD2890DD74006E82B2 /* Assets.xcassets */; };
		8F1625012890DD74006E82B2 /* LaunchScreen.storyboard in Resources */ = {isa = PBXBuildFile; fileRef = 8F1624FF2890DD74006E82B2 /* LaunchScreen.storyboard */; };
		8F1625092890E1F1006E82B2 /* SearchViewController.swift in Sources */ = {isa = PBXBuildFile; fileRef = 8F1625082890E1F1006E82B2 /* SearchViewController.swift */; };
		8F16250E2890E4D4006E82B2 /* ListTableViewCell.swift in Sources */ = {isa = PBXBuildFile; fileRef = 8F16250C2890E4D4006E82B2 /* ListTableViewCell.swift */; };
		8F16250F2890E4D4006E82B2 /* ListTableViewCell.xib in Resources */ = {isa = PBXBuildFile; fileRef = 8F16250D2890E4D4006E82B2 /* ListTableViewCell.xib */; };
		8F27096B28935D4100E1710F /* LocationViewController.swift in Sources */ = {isa = PBXBuildFile; fileRef = 8F27096A28935D4100E1710F /* LocationViewController.swift */; };
		8F270970289384C200E1710F /* DeogonPrincessClassic.ttf in Resources */ = {isa = PBXBuildFile; fileRef = 8F27096E289384C200E1710F /* DeogonPrincessClassic.ttf */; };
		8F270971289384C200E1710F /* DeogonPrincess.ttf in Resources */ = {isa = PBXBuildFile; fileRef = 8F27096F289384C200E1710F /* DeogonPrincess.ttf */; };
		8F4681192897527E007B08E8 /* ReusableViewProtocol.swift in Sources */ = {isa = PBXBuildFile; fileRef = 8F4681182897527E007B08E8 /* ReusableViewProtocol.swift */; };
		8F46811C289757AF007B08E8 /* Constant.swift in Sources */ = {isa = PBXBuildFile; fileRef = 8F46811B289757AF007B08E8 /* Constant.swift */; };
		8F46811E28975FB6007B08E8 /* UserDefaultHelper.swift in Sources */ = {isa = PBXBuildFile; fileRef = 8F46811D28975FB6007B08E8 /* UserDefaultHelper.swift */; };
		8F46812128977CE0007B08E8 /* Alamofire in Frameworks */ = {isa = PBXBuildFile; productRef = 8F46812028977CE0007B08E8 /* Alamofire */; };
		8F4DB6E928920CD40083D6D0 /* ViewPresentableProtocol.swift in Sources */ = {isa = PBXBuildFile; fileRef = 8F4DB6E828920CD40083D6D0 /* ViewPresentableProtocol.swift */; };
		8F4DB6EB2892236B0083D6D0 /* LottoViewController.swift in Sources */ = {isa = PBXBuildFile; fileRef = 8F4DB6EA2892236B0083D6D0 /* LottoViewController.swift */; };
		8F4DB6ED289230540083D6D0 /* TranslateViewController.swift in Sources */ = {isa = PBXBuildFile; fileRef = 8F4DB6EC289230540083D6D0 /* TranslateViewController.swift */; };
		8F4DB6EF28923A960083D6D0 /* WebViewController.swift in Sources */ = {isa = PBXBuildFile; fileRef = 8F4DB6EE28923A960083D6D0 /* WebViewController.swift */; };
		8FB57F2F28977EEC005B5778 /* SwiftyJSON in Frameworks */ = {isa = PBXBuildFile; productRef = 8FB57F2E28977EEC005B5778 /* SwiftyJSON */; };
		8FB57F312897A109005B5778 /* BeerViewController.swift in Sources */ = {isa = PBXBuildFile; fileRef = 8FB57F302897A109005B5778 /* BeerViewController.swift */; };
		8FB57F332897A3BC005B5778 /* ContatantsForBeer.swift in Sources */ = {isa = PBXBuildFile; fileRef = 8FB57F322897A3BC005B5778 /* ContatantsForBeer.swift */; };
		8FB57F372897B12C005B5778 /* Kingfisher in Frameworks */ = {isa = PBXBuildFile; productRef = 8FB57F362897B12C005B5778 /* Kingfisher */; };
/* End PBXBuildFile section */

/* Begin PBXFileReference section */
		8F1624F12890DD73006E82B2 /* SeSACNetworkBasic.app */ = {isa = PBXFileReference; explicitFileType = wrapper.application; includeInIndex = 0; path = SeSACNetworkBasic.app; sourceTree = BUILT_PRODUCTS_DIR; };
		8F1624F42890DD73006E82B2 /* AppDelegate.swift */ = {isa = PBXFileReference; lastKnownFileType = sourcecode.swift; path = AppDelegate.swift; sourceTree = "<group>"; };
		8F1624F62890DD73006E82B2 /* SceneDelegate.swift */ = {isa = PBXFileReference; lastKnownFileType = sourcecode.swift; path = SceneDelegate.swift; sourceTree = "<group>"; };
		8F1624F82890DD73006E82B2 /* ViewController.swift */ = {isa = PBXFileReference; lastKnownFileType = sourcecode.swift; path = ViewController.swift; sourceTree = "<group>"; };
		8F1624FB2890DD73006E82B2 /* Base */ = {isa = PBXFileReference; lastKnownFileType = file.storyboard; name = Base; path = Base.lproj/Main.storyboard; sourceTree = "<group>"; };
		8F1624FD2890DD74006E82B2 /* Assets.xcassets */ = {isa = PBXFileReference; lastKnownFileType = folder.assetcatalog; path = Assets.xcassets; sourceTree = "<group>"; };
		8F1625002890DD74006E82B2 /* Base */ = {isa = PBXFileReference; lastKnownFileType = file.storyboard; name = Base; path = Base.lproj/LaunchScreen.storyboard; sourceTree = "<group>"; };
		8F1625022890DD74006E82B2 /* Info.plist */ = {isa = PBXFileReference; lastKnownFileType = text.plist.xml; path = Info.plist; sourceTree = "<group>"; };
		8F1625082890E1F1006E82B2 /* SearchViewController.swift */ = {isa = PBXFileReference; lastKnownFileType = sourcecode.swift; path = SearchViewController.swift; sourceTree = "<group>"; };
		8F16250C2890E4D4006E82B2 /* ListTableViewCell.swift */ = {isa = PBXFileReference; lastKnownFileType = sourcecode.swift; path = ListTableViewCell.swift; sourceTree = "<group>"; };
		8F16250D2890E4D4006E82B2 /* ListTableViewCell.xib */ = {isa = PBXFileReference; lastKnownFileType = file.xib; path = ListTableViewCell.xib; sourceTree = "<group>"; };
		8F27096A28935D4100E1710F /* LocationViewController.swift */ = {isa = PBXFileReference; lastKnownFileType = sourcecode.swift; path = LocationViewController.swift; sourceTree = "<group>"; };
		8F27096E289384C200E1710F /* DeogonPrincessClassic.ttf */ = {isa = PBXFileReference; lastKnownFileType = file; path = DeogonPrincessClassic.ttf; sourceTree = "<group>"; };
		8F27096F289384C200E1710F /* DeogonPrincess.ttf */ = {isa = PBXFileReference; lastKnownFileType = file; path = DeogonPrincess.ttf; sourceTree = "<group>"; };
		8F2709722893865900E1710F /* KyoboHandwriting2020pdy.otf */ = {isa = PBXFileReference; lastKnownFileType = file; path = KyoboHandwriting2020pdy.otf; sourceTree = "<group>"; };
		8F4681182897527E007B08E8 /* ReusableViewProtocol.swift */ = {isa = PBXFileReference; lastKnownFileType = sourcecode.swift; path = ReusableViewProtocol.swift; sourceTree = "<group>"; };
		8F46811B289757AF007B08E8 /* Constant.swift */ = {isa = PBXFileReference; lastKnownFileType = sourcecode.swift; path = Constant.swift; sourceTree = "<group>"; };
		8F46811D28975FB6007B08E8 /* UserDefaultHelper.swift */ = {isa = PBXFileReference; lastKnownFileType = sourcecode.swift; path = UserDefaultHelper.swift; sourceTree = "<group>"; };
		8F4DB6E828920CD40083D6D0 /* ViewPresentableProtocol.swift */ = {isa = PBXFileReference; lastKnownFileType = sourcecode.swift; path = ViewPresentableProtocol.swift; sourceTree = "<group>"; };
		8F4DB6EA2892236B0083D6D0 /* LottoViewController.swift */ = {isa = PBXFileReference; lastKnownFileType = sourcecode.swift; path = LottoViewController.swift; sourceTree = "<group>"; };
		8F4DB6EC289230540083D6D0 /* TranslateViewController.swift */ = {isa = PBXFileReference; lastKnownFileType = sourcecode.swift; path = TranslateViewController.swift; sourceTree = "<group>"; };
		8F4DB6EE28923A960083D6D0 /* WebViewController.swift */ = {isa = PBXFileReference; lastKnownFileType = sourcecode.swift; path = WebViewController.swift; sourceTree = "<group>"; };
		8FB57F302897A109005B5778 /* BeerViewController.swift */ = {isa = PBXFileReference; lastKnownFileType = sourcecode.swift; path = BeerViewController.swift; sourceTree = "<group>"; };
		8FB57F322897A3BC005B5778 /* ContatantsForBeer.swift */ = {isa = PBXFileReference; lastKnownFileType = sourcecode.swift; path = ContatantsForBeer.swift; sourceTree = "<group>"; };
/* End PBXFileReference section */

/* Begin PBXFrameworksBuildPhase section */
		8F1624EE2890DD73006E82B2 /* Frameworks */ = {
			isa = PBXFrameworksBuildPhase;
			buildActionMask = 2147483647;
			files = (
				8FB57F372897B12C005B5778 /* Kingfisher in Frameworks */,
				8FB57F2F28977EEC005B5778 /* SwiftyJSON in Frameworks */,
				8F46812128977CE0007B08E8 /* Alamofire in Frameworks */,
			);
			runOnlyForDeploymentPostprocessing = 0;
		};
/* End PBXFrameworksBuildPhase section */

/* Begin PBXGroup section */
		8F1624E82890DD73006E82B2 = {
			isa = PBXGroup;
			children = (
				8F1624F32890DD73006E82B2 /* SeSACNetworkBasic */,
				8F1624F22890DD73006E82B2 /* Products */,
			);
			sourceTree = "<group>";
		};
		8F1624F22890DD73006E82B2 /* Products */ = {
			isa = PBXGroup;
			children = (
				8F1624F12890DD73006E82B2 /* SeSACNetworkBasic.app */,
			);
			name = Products;
			sourceTree = "<group>";
		};
		8F1624F32890DD73006E82B2 /* SeSACNetworkBasic */ = {
			isa = PBXGroup;
			children = (
				8F27096C289383F400E1710F /* Resource */,
				8F4DB6E728920C9F0083D6D0 /* Protocols */,
				8F46811A28975784007B08E8 /* Constants */,
				8F1624F42890DD73006E82B2 /* AppDelegate.swift */,
				8F1624F62890DD73006E82B2 /* SceneDelegate.swift */,
				8F1624F82890DD73006E82B2 /* ViewController.swift */,
				8F1624FA2890DD73006E82B2 /* Main.storyboard */,
				8FB57F302897A109005B5778 /* BeerViewController.swift */,
				8F27096A28935D4100E1710F /* LocationViewController.swift */,
				8F4DB6EE28923A960083D6D0 /* WebViewController.swift */,
				8F4DB6EC289230540083D6D0 /* TranslateViewController.swift */,
				8F1625082890E1F1006E82B2 /* SearchViewController.swift */,
				8F4DB6EA2892236B0083D6D0 /* LottoViewController.swift */,
				8F16250D2890E4D4006E82B2 /* ListTableViewCell.xib */,
				8F16250C2890E4D4006E82B2 /* ListTableViewCell.swift */,
				8F1624FD2890DD74006E82B2 /* Assets.xcassets */,
				8F1624FF2890DD74006E82B2 /* LaunchScreen.storyboard */,
				8F1625022890DD74006E82B2 /* Info.plist */,
			);
			path = SeSACNetworkBasic;
			sourceTree = "<group>";
		};
		8F27096C289383F400E1710F /* Resource */ = {
			isa = PBXGroup;
			children = (
				8F2709722893865900E1710F /* KyoboHandwriting2020pdy.otf */,
				8F27096D289384C200E1710F /* DeogonPrincess_TTF */,
			);
			path = Resource;
			sourceTree = "<group>";
		};
		8F27096D289384C200E1710F /* DeogonPrincess_TTF */ = {
			isa = PBXGroup;
			children = (
				8F27096E289384C200E1710F /* DeogonPrincessClassic.ttf */,
				8F27096F289384C200E1710F /* DeogonPrincess.ttf */,
			);
			path = DeogonPrincess_TTF;
			sourceTree = "<group>";
		};
		8F46811A28975784007B08E8 /* Constants */ = {
			isa = PBXGroup;
			children = (
				8F46811B289757AF007B08E8 /* Constant.swift */,
				8F46811D28975FB6007B08E8 /* UserDefaultHelper.swift */,
				8FB57F322897A3BC005B5778 /* ContatantsForBeer.swift */,
			);
			path = Constants;
			sourceTree = "<group>";
		};
		8F4DB6E728920C9F0083D6D0 /* Protocols */ = {
			isa = PBXGroup;
			children = (
				8F4DB6E828920CD40083D6D0 /* ViewPresentableProtocol.swift */,
				8F4681182897527E007B08E8 /* ReusableViewProtocol.swift */,
			);
			path = Protocols;
			sourceTree = "<group>";
		};
/* End PBXGroup section */

/* Begin PBXNativeTarget section */
		8F1624F02890DD73006E82B2 /* SeSACNetworkBasic */ = {
			isa = PBXNativeTarget;
			buildConfigurationList = 8F1625052890DD74006E82B2 /* Build configuration list for PBXNativeTarget "SeSACNetworkBasic" */;
			buildPhases = (
				8F1624ED2890DD73006E82B2 /* Sources */,
				8F1624EE2890DD73006E82B2 /* Frameworks */,
				8F1624EF2890DD73006E82B2 /* Resources */,
			);
			buildRules = (
			);
			dependencies = (
			);
			name = SeSACNetworkBasic;
			packageProductDependencies = (
				8F46812028977CE0007B08E8 /* Alamofire */,
				8FB57F2E28977EEC005B5778 /* SwiftyJSON */,
				8FB57F362897B12C005B5778 /* Kingfisher */,
			);
			productName = SeSACNetworkBasic;
			productReference = 8F1624F12890DD73006E82B2 /* SeSACNetworkBasic.app */;
			productType = "com.apple.product-type.application";
		};
/* End PBXNativeTarget section */

/* Begin PBXProject section */
		8F1624E92890DD73006E82B2 /* Project object */ = {
			isa = PBXProject;
			attributes = {
				BuildIndependentTargetsInParallel = 1;
				LastSwiftUpdateCheck = 1340;
				LastUpgradeCheck = 1340;
				TargetAttributes = {
					8F1624F02890DD73006E82B2 = {
						CreatedOnToolsVersion = 13.4.1;
					};
				};
			};
			buildConfigurationList = 8F1624EC2890DD73006E82B2 /* Build configuration list for PBXProject "SeSACNetworkBasic" */;
			compatibilityVersion = "Xcode 13.0";
			developmentRegion = en;
			hasScannedForEncodings = 0;
			knownRegions = (
				en,
				Base,
			);
			mainGroup = 8F1624E82890DD73006E82B2;
			packageReferences = (
				8F46811F28977CE0007B08E8 /* XCRemoteSwiftPackageReference "Alamofire" */,
				8F46812228977CF7007B08E8 /* XCRemoteSwiftPackageReference "SwiftyJSON" */,
				8FB57F2D28977EEC005B5778 /* XCRemoteSwiftPackageReference "SwiftyJSON" */,
				8FB57F342897A84C005B5778 /* XCRemoteSwiftPackageReference "Kingfisher" */,
				8FB57F352897B12C005B5778 /* XCRemoteSwiftPackageReference "Kingfisher" */,
			);
			productRefGroup = 8F1624F22890DD73006E82B2 /* Products */;
			projectDirPath = "";
			projectRoot = "";
			targets = (
				8F1624F02890DD73006E82B2 /* SeSACNetworkBasic */,
			);
		};
/* End PBXProject section */

/* Begin PBXResourcesBuildPhase section */
		8F1624EF2890DD73006E82B2 /* Resources */ = {
			isa = PBXResourcesBuildPhase;
			buildActionMask = 2147483647;
			files = (
				8F270970289384C200E1710F /* DeogonPrincessClassic.ttf in Resources */,
				8F270971289384C200E1710F /* DeogonPrincess.ttf in Resources */,
				8F1625012890DD74006E82B2 /* LaunchScreen.storyboard in Resources */,
				8F16250F2890E4D4006E82B2 /* ListTableViewCell.xib in Resources */,
				8F1624FE2890DD74006E82B2 /* Assets.xcassets in Resources */,
				8F1624FC2890DD73006E82B2 /* Main.storyboard in Resources */,
			);
			runOnlyForDeploymentPostprocessing = 0;
		};
/* End PBXResourcesBuildPhase section */

/* Begin PBXSourcesBuildPhase section */
		8F1624ED2890DD73006E82B2 /* Sources */ = {
			isa = PBXSourcesBuildPhase;
			buildActionMask = 2147483647;
			files = (
				8F1624F92890DD73006E82B2 /* ViewController.swift in Sources */,
				8F4DB6EF28923A960083D6D0 /* WebViewController.swift in Sources */,
				8FB57F312897A109005B5778 /* BeerViewController.swift in Sources */,
				8F1624F52890DD73006E82B2 /* AppDelegate.swift in Sources */,
				8F1625092890E1F1006E82B2 /* SearchViewController.swift in Sources */,
				8F4DB6EB2892236B0083D6D0 /* LottoViewController.swift in Sources */,
				8F27096B28935D4100E1710F /* LocationViewController.swift in Sources */,
				8F1624F72890DD73006E82B2 /* SceneDelegate.swift in Sources */,
				8F4DB6ED289230540083D6D0 /* TranslateViewController.swift in Sources */,
				8F4DB6E928920CD40083D6D0 /* ViewPresentableProtocol.swift in Sources */,
				8F4681192897527E007B08E8 /* ReusableViewProtocol.swift in Sources */,
				8F16250E2890E4D4006E82B2 /* ListTableViewCell.swift in Sources */,
				8FB57F332897A3BC005B5778 /* ContatantsForBeer.swift in Sources */,
				8F46811E28975FB6007B08E8 /* UserDefaultHelper.swift in Sources */,
				8F46811C289757AF007B08E8 /* Constant.swift in Sources */,
			);
			runOnlyForDeploymentPostprocessing = 0;
		};
/* End PBXSourcesBuildPhase section */

/* Begin PBXVariantGroup section */
		8F1624FA2890DD73006E82B2 /* Main.storyboard */ = {
			isa = PBXVariantGroup;
			children = (
				8F1624FB2890DD73006E82B2 /* Base */,
			);
			name = Main.storyboard;
			sourceTree = "<group>";
		};
		8F1624FF2890DD74006E82B2 /* LaunchScreen.storyboard */ = {
			isa = PBXVariantGroup;
			children = (
				8F1625002890DD74006E82B2 /* Base */,
			);
			name = LaunchScreen.storyboard;
			sourceTree = "<group>";
		};
/* End PBXVariantGroup section */

/* Begin XCBuildConfiguration section */
		8F1625032890DD74006E82B2 /* Debug */ = {
			isa = XCBuildConfiguration;
			buildSettings = {
				ALWAYS_SEARCH_USER_PATHS = NO;
				CLANG_ANALYZER_NONNULL = YES;
				CLANG_ANALYZER_NUMBER_OBJECT_CONVERSION = YES_AGGRESSIVE;
				CLANG_CXX_LANGUAGE_STANDARD = "gnu++17";
				CLANG_ENABLE_MODULES = YES;
				CLANG_ENABLE_OBJC_ARC = YES;
				CLANG_ENABLE_OBJC_WEAK = YES;
				CLANG_WARN_BLOCK_CAPTURE_AUTORELEASING = YES;
				CLANG_WARN_BOOL_CONVERSION = YES;
				CLANG_WARN_COMMA = YES;
				CLANG_WARN_CONSTANT_CONVERSION = YES;
				CLANG_WARN_DEPRECATED_OBJC_IMPLEMENTATIONS = YES;
				CLANG_WARN_DIRECT_OBJC_ISA_USAGE = YES_ERROR;
				CLANG_WARN_DOCUMENTATION_COMMENTS = YES;
				CLANG_WARN_EMPTY_BODY = YES;
				CLANG_WARN_ENUM_CONVERSION = YES;
				CLANG_WARN_INFINITE_RECURSION = YES;
				CLANG_WARN_INT_CONVERSION = YES;
				CLANG_WARN_NON_LITERAL_NULL_CONVERSION = YES;
				CLANG_WARN_OBJC_IMPLICIT_RETAIN_SELF = YES;
				CLANG_WARN_OBJC_LITERAL_CONVERSION = YES;
				CLANG_WARN_OBJC_ROOT_CLASS = YES_ERROR;
				CLANG_WARN_QUOTED_INCLUDE_IN_FRAMEWORK_HEADER = YES;
				CLANG_WARN_RANGE_LOOP_ANALYSIS = YES;
				CLANG_WARN_STRICT_PROTOTYPES = YES;
				CLANG_WARN_SUSPICIOUS_MOVE = YES;
				CLANG_WARN_UNGUARDED_AVAILABILITY = YES_AGGRESSIVE;
				CLANG_WARN_UNREACHABLE_CODE = YES;
				CLANG_WARN__DUPLICATE_METHOD_MATCH = YES;
				COPY_PHASE_STRIP = NO;
				DEBUG_INFORMATION_FORMAT = dwarf;
				ENABLE_STRICT_OBJC_MSGSEND = YES;
				ENABLE_TESTABILITY = YES;
				GCC_C_LANGUAGE_STANDARD = gnu11;
				GCC_DYNAMIC_NO_PIC = NO;
				GCC_NO_COMMON_BLOCKS = YES;
				GCC_OPTIMIZATION_LEVEL = 0;
				GCC_PREPROCESSOR_DEFINITIONS = (
					"DEBUG=1",
					"$(inherited)",
				);
				GCC_WARN_64_TO_32_BIT_CONVERSION = YES;
				GCC_WARN_ABOUT_RETURN_TYPE = YES_ERROR;
				GCC_WARN_UNDECLARED_SELECTOR = YES;
				GCC_WARN_UNINITIALIZED_AUTOS = YES_AGGRESSIVE;
				GCC_WARN_UNUSED_FUNCTION = YES;
				GCC_WARN_UNUSED_VARIABLE = YES;
				IPHONEOS_DEPLOYMENT_TARGET = 15.5;
				MTL_ENABLE_DEBUG_INFO = INCLUDE_SOURCE;
				MTL_FAST_MATH = YES;
				ONLY_ACTIVE_ARCH = YES;
				SDKROOT = iphoneos;
				SWIFT_ACTIVE_COMPILATION_CONDITIONS = DEBUG;
				SWIFT_OPTIMIZATION_LEVEL = "-Onone";
			};
			name = Debug;
		};
		8F1625042890DD74006E82B2 /* Release */ = {
			isa = XCBuildConfiguration;
			buildSettings = {
				ALWAYS_SEARCH_USER_PATHS = NO;
				CLANG_ANALYZER_NONNULL = YES;
				CLANG_ANALYZER_NUMBER_OBJECT_CONVERSION = YES_AGGRESSIVE;
				CLANG_CXX_LANGUAGE_STANDARD = "gnu++17";
				CLANG_ENABLE_MODULES = YES;
				CLANG_ENABLE_OBJC_ARC = YES;
				CLANG_ENABLE_OBJC_WEAK = YES;
				CLANG_WARN_BLOCK_CAPTURE_AUTORELEASING = YES;
				CLANG_WARN_BOOL_CONVERSION = YES;
				CLANG_WARN_COMMA = YES;
				CLANG_WARN_CONSTANT_CONVERSION = YES;
				CLANG_WARN_DEPRECATED_OBJC_IMPLEMENTATIONS = YES;
				CLANG_WARN_DIRECT_OBJC_ISA_USAGE = YES_ERROR;
				CLANG_WARN_DOCUMENTATION_COMMENTS = YES;
				CLANG_WARN_EMPTY_BODY = YES;
				CLANG_WARN_ENUM_CONVERSION = YES;
				CLANG_WARN_INFINITE_RECURSION = YES;
				CLANG_WARN_INT_CONVERSION = YES;
				CLANG_WARN_NON_LITERAL_NULL_CONVERSION = YES;
				CLANG_WARN_OBJC_IMPLICIT_RETAIN_SELF = YES;
				CLANG_WARN_OBJC_LITERAL_CONVERSION = YES;
				CLANG_WARN_OBJC_ROOT_CLASS = YES_ERROR;
				CLANG_WARN_QUOTED_INCLUDE_IN_FRAMEWORK_HEADER = YES;
				CLANG_WARN_RANGE_LOOP_ANALYSIS = YES;
				CLANG_WARN_STRICT_PROTOTYPES = YES;
				CLANG_WARN_SUSPICIOUS_MOVE = YES;
				CLANG_WARN_UNGUARDED_AVAILABILITY = YES_AGGRESSIVE;
				CLANG_WARN_UNREACHABLE_CODE = YES;
				CLANG_WARN__DUPLICATE_METHOD_MATCH = YES;
				COPY_PHASE_STRIP = NO;
				DEBUG_INFORMATION_FORMAT = "dwarf-with-dsym";
				ENABLE_NS_ASSERTIONS = NO;
				ENABLE_STRICT_OBJC_MSGSEND = YES;
				GCC_C_LANGUAGE_STANDARD = gnu11;
				GCC_NO_COMMON_BLOCKS = YES;
				GCC_WARN_64_TO_32_BIT_CONVERSION = YES;
				GCC_WARN_ABOUT_RETURN_TYPE = YES_ERROR;
				GCC_WARN_UNDECLARED_SELECTOR = YES;
				GCC_WARN_UNINITIALIZED_AUTOS = YES_AGGRESSIVE;
				GCC_WARN_UNUSED_FUNCTION = YES;
				GCC_WARN_UNUSED_VARIABLE = YES;
				IPHONEOS_DEPLOYMENT_TARGET = 15.5;
				MTL_ENABLE_DEBUG_INFO = NO;
				MTL_FAST_MATH = YES;
				SDKROOT = iphoneos;
				SWIFT_COMPILATION_MODE = wholemodule;
				SWIFT_OPTIMIZATION_LEVEL = "-O";
				VALIDATE_PRODUCT = YES;
			};
			name = Release;
		};
		8F1625062890DD74006E82B2 /* Debug */ = {
			isa = XCBuildConfiguration;
			buildSettings = {
				ASSETCATALOG_COMPILER_APPICON_NAME = AppIcon;
				ASSETCATALOG_COMPILER_GLOBAL_ACCENT_COLOR_NAME = AccentColor;
				CODE_SIGN_STYLE = Automatic;
				CURRENT_PROJECT_VERSION = 1;
				DEVELOPMENT_TEAM = Z56UT2Z9KH;
				GENERATE_INFOPLIST_FILE = YES;
				INFOPLIST_FILE = SeSACNetworkBasic/Info.plist;
				INFOPLIST_KEY_UIApplicationSupportsIndirectInputEvents = YES;
				INFOPLIST_KEY_UILaunchStoryboardName = LaunchScreen;
				INFOPLIST_KEY_UIMainStoryboardFile = Main;
				INFOPLIST_KEY_UISupportedInterfaceOrientations_iPad = "UIInterfaceOrientationPortrait UIInterfaceOrientationPortraitUpsideDown UIInterfaceOrientationLandscapeLeft UIInterfaceOrientationLandscapeRight";
				INFOPLIST_KEY_UISupportedInterfaceOrientations_iPhone = "UIInterfaceOrientationPortrait UIInterfaceOrientationLandscapeLeft UIInterfaceOrientationLandscapeRight";
				LD_RUNPATH_SEARCH_PATHS = (
					"$(inherited)",
					"@executable_path/Frameworks",
				);
				MARKETING_VERSION = 1.0;
				PRODUCT_BUNDLE_IDENTIFIER = com.ohlee.SeSACNetworkBasic;
				PRODUCT_NAME = "$(TARGET_NAME)";
				SWIFT_EMIT_LOC_STRINGS = YES;
				SWIFT_VERSION = 5.0;
				TARGETED_DEVICE_FAMILY = "1,2";
			};
			name = Debug;
		};
		8F1625072890DD74006E82B2 /* Release */ = {
			isa = XCBuildConfiguration;
			buildSettings = {
				ASSETCATALOG_COMPILER_APPICON_NAME = AppIcon;
				ASSETCATALOG_COMPILER_GLOBAL_ACCENT_COLOR_NAME = AccentColor;
				CODE_SIGN_STYLE = Automatic;
				CURRENT_PROJECT_VERSION = 1;
				DEVELOPMENT_TEAM = Z56UT2Z9KH;
				GENERATE_INFOPLIST_FILE = YES;
				INFOPLIST_FILE = SeSACNetworkBasic/Info.plist;
				INFOPLIST_KEY_UIApplicationSupportsIndirectInputEvents = YES;
				INFOPLIST_KEY_UILaunchStoryboardName = LaunchScreen;
				INFOPLIST_KEY_UIMainStoryboardFile = Main;
				INFOPLIST_KEY_UISupportedInterfaceOrientations_iPad = "UIInterfaceOrientationPortrait UIInterfaceOrientationPortraitUpsideDown UIInterfaceOrientationLandscapeLeft UIInterfaceOrientationLandscapeRight";
				INFOPLIST_KEY_UISupportedInterfaceOrientations_iPhone = "UIInterfaceOrientationPortrait UIInterfaceOrientationLandscapeLeft UIInterfaceOrientationLandscapeRight";
				LD_RUNPATH_SEARCH_PATHS = (
					"$(inherited)",
					"@executable_path/Frameworks",
				);
				MARKETING_VERSION = 1.0;
				PRODUCT_BUNDLE_IDENTIFIER = com.ohlee.SeSACNetworkBasic;
				PRODUCT_NAME = "$(TARGET_NAME)";
				SWIFT_EMIT_LOC_STRINGS = YES;
				SWIFT_VERSION = 5.0;
				TARGETED_DEVICE_FAMILY = "1,2";
			};
			name = Release;
		};
/* End XCBuildConfiguration section */

/* Begin XCConfigurationList section */
		8F1624EC2890DD73006E82B2 /* Build configuration list for PBXProject "SeSACNetworkBasic" */ = {
			isa = XCConfigurationList;
			buildConfigurations = (
				8F1625032890DD74006E82B2 /* Debug */,
				8F1625042890DD74006E82B2 /* Release */,
			);
			defaultConfigurationIsVisible = 0;
			defaultConfigurationName = Release;
		};
		8F1625052890DD74006E82B2 /* Build configuration list for PBXNativeTarget "SeSACNetworkBasic" */ = {
			isa = XCConfigurationList;
			buildConfigurations = (
				8F1625062890DD74006E82B2 /* Debug */,
				8F1625072890DD74006E82B2 /* Release */,
			);
			defaultConfigurationIsVisible = 0;
			defaultConfigurationName = Release;
		};
/* End XCConfigurationList section */

/* Begin XCRemoteSwiftPackageReference section */
		8F46811F28977CE0007B08E8 /* XCRemoteSwiftPackageReference "Alamofire" */ = {
			isa = XCRemoteSwiftPackageReference;
			repositoryURL = "https://github.com/Alamofire/Alamofire.git";
			requirement = {
				kind = upToNextMajorVersion;
				minimumVersion = 5.0.0;
			};
		};
		8F46812228977CF7007B08E8 /* XCRemoteSwiftPackageReference "SwiftyJSON" */ = {
			isa = XCRemoteSwiftPackageReference;
			repositoryURL = "https://github.com/SwiftyJSON/SwiftyJSON.git";
			requirement = {
				kind = upToNextMajorVersion;
				minimumVersion = 5.0.0;
			};
		};
		8FB57F2D28977EEC005B5778 /* XCRemoteSwiftPackageReference "SwiftyJSON" */ = {
			isa = XCRemoteSwiftPackageReference;
			repositoryURL = "https://github.com/SwiftyJSON/SwiftyJSON.git";
			requirement = {
				kind = upToNextMajorVersion;
				minimumVersion = 5.0.0;
			};
		};
		8FB57F342897A84C005B5778 /* XCRemoteSwiftPackageReference "Kingfisher" */ = {
			isa = XCRemoteSwiftPackageReference;
			repositoryURL = "https://github.com/onevcat/Kingfisher.git";
			requirement = {
				kind = upToNextMajorVersion;
				minimumVersion = 7.0.0;
			};
		};
		8FB57F352897B12C005B5778 /* XCRemoteSwiftPackageReference "Kingfisher" */ = {
			isa = XCRemoteSwiftPackageReference;
			repositoryURL = "https://github.com/onevcat/Kingfisher.git";
			requirement = {
				kind = upToNextMajorVersion;
				minimumVersion = 7.0.0;
			};
		};
/* End XCRemoteSwiftPackageReference section */

/* Begin XCSwiftPackageProductDependency section */
		8F46812028977CE0007B08E8 /* Alamofire */ = {
			isa = XCSwiftPackageProductDependency;
			package = 8F46811F28977CE0007B08E8 /* XCRemoteSwiftPackageReference "Alamofire" */;
			productName = Alamofire;
		};
		8FB57F2E28977EEC005B5778 /* SwiftyJSON */ = {
			isa = XCSwiftPackageProductDependency;
			package = 8F46812228977CF7007B08E8 /* XCRemoteSwiftPackageReference "SwiftyJSON" */;
			productName = SwiftyJSON;
		};
		8FB57F362897B12C005B5778 /* Kingfisher */ = {
			isa = XCSwiftPackageProductDependency;
			package = 8FB57F342897A84C005B5778 /* XCRemoteSwiftPackageReference "Kingfisher" */;
			productName = Kingfisher;
		};
/* End XCSwiftPackageProductDependency section */
	};
	rootObject = 8F1624E92890DD73006E82B2 /* Project object */;
}
